// !$*UTF8*$!
{
	archiveVersion = 1;
	classes = {
	};
	objectVersion = 56;
	objects = {

/* Begin PBXBuildFile section */
		0C5F17032CCB134900C62695 /* DriverHomepage.swift in Sources */ = {isa = PBXBuildFile; fileRef = 0C5F17022CCB134900C62695 /* DriverHomepage.swift */; };
		0C5F17052CCB13C500C62695 /* AdminHomepage.swift in Sources */ = {isa = PBXBuildFile; fileRef = 0C5F17042CCB13C500C62695 /* AdminHomepage.swift */; };
		0C5F17072CCB1F5D00C62695 /* LastUserInfo.swift in Sources */ = {isa = PBXBuildFile; fileRef = 0C5F17062CCB1F5D00C62695 /* LastUserInfo.swift */; };
		0C5F17092CCD181F00C62695 /* NotifsPermissions.swift in Sources */ = {isa = PBXBuildFile; fileRef = 0C5F17082CCD181F00C62695 /* NotifsPermissions.swift */; };
		0C75DB222C70BE5F005247BC /* Bus_SeaterApp.swift in Sources */ = {isa = PBXBuildFile; fileRef = 0C5608142C25AA7C00828882 /* Bus_SeaterApp.swift */; };
		0C75DB232C70BE64005247BC /* ContentView.swift in Sources */ = {isa = PBXBuildFile; fileRef = 0C5608162C25AA7C00828882 /* ContentView.swift */; };
		0C75DB242C70BE67005247BC /* StudentHomepage.swift in Sources */ = {isa = PBXBuildFile; fileRef = 0C7B427D2C527B5F000ADE5F /* StudentHomepage.swift */; };
		0C75DB262C70BE6D005247BC /* Student_SignUp.swift in Sources */ = {isa = PBXBuildFile; fileRef = 0C7B42752C5273FB000ADE5F /* Student_SignUp.swift */; };
		0C75DB272C70BE70005247BC /* Driver_SignUp.swift in Sources */ = {isa = PBXBuildFile; fileRef = 0C7B42772C527417000ADE5F /* Driver_SignUp.swift */; };
		0C75DB292C70BE77005247BC /* SignUp.swift in Sources */ = {isa = PBXBuildFile; fileRef = 0C278BF22C3C90080009B5A4 /* SignUp.swift */; };
		0C75DB2A2C70BE79005247BC /* StudentNotifications.swift in Sources */ = {isa = PBXBuildFile; fileRef = 0C4B52E62C6842290092B1C8 /* StudentNotifications.swift */; };
		0C75DB2B2C70BE7D005247BC /* Login.swift in Sources */ = {isa = PBXBuildFile; fileRef = 0CB9850A2C28C21600920872 /* Login.swift */; };
		0C75DB2C2C70BE8A005247BC /* Bus_SeaterTests.swift in Sources */ = {isa = PBXBuildFile; fileRef = 0C5608252C25AA7E00828882 /* Bus_SeaterTests.swift */; };
		0C75DB2D2C70BE91005247BC /* Assets.xcassets in Resources */ = {isa = PBXBuildFile; fileRef = 0C5608182C25AA7E00828882 /* Assets.xcassets */; };
		0C75DB2E2C70BEA8005247BC /* Bus_SeaterUITests.swift in Sources */ = {isa = PBXBuildFile; fileRef = 0C56082F2C25AA7E00828882 /* Bus_SeaterUITests.swift */; };
		0C75DB2F2C70BEAD005247BC /* Bus_SeaterUITestsLaunchTests.swift in Sources */ = {isa = PBXBuildFile; fileRef = 0C5608312C25AA7E00828882 /* Bus_SeaterUITestsLaunchTests.swift */; };
		0C8EF4062CC8906D004133EA /* GoogleService-Info.plist in Resources */ = {isa = PBXBuildFile; fileRef = 0C8EF4052CC8906D004133EA /* GoogleService-Info.plist */; };
		0CA752542C70C3D700DF03F4 /* FirebaseAuth in Frameworks */ = {isa = PBXBuildFile; productRef = 0CA752532C70C3D700DF03F4 /* FirebaseAuth */; };
		0CA752B92C70E8F400DF03F4 /* Preview Assets.xcassets in Resources */ = {isa = PBXBuildFile; fileRef = 0CA752B72C70E8F400DF03F4 /* Preview Assets.xcassets */; };
		0CC7C6952C7627600018C041 /* Admin_SignUp.swift in Sources */ = {isa = PBXBuildFile; fileRef = 0CC7C6942C7627600018C041 /* Admin_SignUp.swift */; };
		7E0FE3C52CF6CAA90088B7FA /* Launch Screen.storyboard in Resources */ = {isa = PBXBuildFile; fileRef = 7E0FE3C42CF6CAA90088B7FA /* Launch Screen.storyboard */; };
		7E31E3BA2E170A6900E1E8A1 /* AddBuses.swift in Sources */ = {isa = PBXBuildFile; fileRef = 7E31E3B92E170A6800E1E8A1 /* AddBuses.swift */; };
		7E37DF212CF7DB11001EB870 /* Student.swift in Sources */ = {isa = PBXBuildFile; fileRef = 7E37DF202CF7DB11001EB870 /* Student.swift */; };
		7E37DF232CF7DD63001EB870 /* Bus.swift in Sources */ = {isa = PBXBuildFile; fileRef = 7E37DF222CF7DD63001EB870 /* Bus.swift */; };
		7E85D49E2CE1957700341DE7 /* Schools.swift in Sources */ = {isa = PBXBuildFile; fileRef = 7E85D49D2CE1957700341DE7 /* Schools.swift */; };
		7EABE03B2D68F4B000C00697 /* NewAccount.swift in Sources */ = {isa = PBXBuildFile; fileRef = 7EABE03A2D68F4B000C00697 /* NewAccount.swift */; };
/* End PBXBuildFile section */

/* Begin PBXContainerItemProxy section */
		0C75DB082C70BE0C005247BC /* PBXContainerItemProxy */ = {
			isa = PBXContainerItemProxy;
			containerPortal = 0C5608092C25AA7C00828882 /* Project object */;
			proxyType = 1;
			remoteGlobalIDString = 0C75DAF72C70BE0A005247BC;
			remoteInfo = "Bus Seater 1";
		};
		0C75DB122C70BE0C005247BC /* PBXContainerItemProxy */ = {
			isa = PBXContainerItemProxy;
			containerPortal = 0C5608092C25AA7C00828882 /* Project object */;
			proxyType = 1;
			remoteGlobalIDString = 0C75DAF72C70BE0A005247BC;
			remoteInfo = "Bus Seater 1";
		};
/* End PBXContainerItemProxy section */

/* Begin PBXFileReference section */
		0C278BF22C3C90080009B5A4 /* SignUp.swift */ = {isa = PBXFileReference; lastKnownFileType = sourcecode.swift; path = SignUp.swift; sourceTree = "<group>"; };
		0C4B52E62C6842290092B1C8 /* StudentNotifications.swift */ = {isa = PBXFileReference; lastKnownFileType = sourcecode.swift; path = StudentNotifications.swift; sourceTree = "<group>"; };
		0C5608142C25AA7C00828882 /* Bus_SeaterApp.swift */ = {isa = PBXFileReference; lastKnownFileType = sourcecode.swift; path = Bus_SeaterApp.swift; sourceTree = "<group>"; };
		0C5608162C25AA7C00828882 /* ContentView.swift */ = {isa = PBXFileReference; lastKnownFileType = sourcecode.swift; path = ContentView.swift; sourceTree = "<group>"; };
		0C5608182C25AA7E00828882 /* Assets.xcassets */ = {isa = PBXFileReference; lastKnownFileType = folder.assetcatalog; path = Assets.xcassets; sourceTree = "<group>"; };
		0C5608252C25AA7E00828882 /* Bus_SeaterTests.swift */ = {isa = PBXFileReference; lastKnownFileType = sourcecode.swift; path = Bus_SeaterTests.swift; sourceTree = "<group>"; };
		0C56082F2C25AA7E00828882 /* Bus_SeaterUITests.swift */ = {isa = PBXFileReference; lastKnownFileType = sourcecode.swift; path = Bus_SeaterUITests.swift; sourceTree = "<group>"; };
		0C5608312C25AA7E00828882 /* Bus_SeaterUITestsLaunchTests.swift */ = {isa = PBXFileReference; lastKnownFileType = sourcecode.swift; path = Bus_SeaterUITestsLaunchTests.swift; sourceTree = "<group>"; };
		0C5F17022CCB134900C62695 /* DriverHomepage.swift */ = {isa = PBXFileReference; lastKnownFileType = sourcecode.swift; path = DriverHomepage.swift; sourceTree = "<group>"; };
		0C5F17042CCB13C500C62695 /* AdminHomepage.swift */ = {isa = PBXFileReference; lastKnownFileType = sourcecode.swift; path = AdminHomepage.swift; sourceTree = "<group>"; };
		0C5F17062CCB1F5D00C62695 /* LastUserInfo.swift */ = {isa = PBXFileReference; lastKnownFileType = sourcecode.swift; path = LastUserInfo.swift; sourceTree = "<group>"; };
		0C5F17082CCD181F00C62695 /* NotifsPermissions.swift */ = {isa = PBXFileReference; lastKnownFileType = sourcecode.swift; path = NotifsPermissions.swift; sourceTree = "<group>"; };
		0C75DAF82C70BE0A005247BC /* Bus Seater 1.app */ = {isa = PBXFileReference; explicitFileType = wrapper.application; includeInIndex = 0; path = "Bus Seater 1.app"; sourceTree = BUILT_PRODUCTS_DIR; };
		0C75DB072C70BE0C005247BC /* Bus Seater Tests.xctest */ = {isa = PBXFileReference; explicitFileType = wrapper.cfbundle; includeInIndex = 0; path = "Bus Seater Tests.xctest"; sourceTree = BUILT_PRODUCTS_DIR; };
		0C75DB112C70BE0C005247BC /* Bus Seater UITests.xctest */ = {isa = PBXFileReference; explicitFileType = wrapper.cfbundle; includeInIndex = 0; path = "Bus Seater UITests.xctest"; sourceTree = BUILT_PRODUCTS_DIR; };
		0C7B42752C5273FB000ADE5F /* Student_SignUp.swift */ = {isa = PBXFileReference; lastKnownFileType = sourcecode.swift; path = Student_SignUp.swift; sourceTree = "<group>"; };
		0C7B42772C527417000ADE5F /* Driver_SignUp.swift */ = {isa = PBXFileReference; lastKnownFileType = sourcecode.swift; path = Driver_SignUp.swift; sourceTree = "<group>"; };
		0C7B427D2C527B5F000ADE5F /* StudentHomepage.swift */ = {isa = PBXFileReference; lastKnownFileType = sourcecode.swift; path = StudentHomepage.swift; sourceTree = "<group>"; };
		0C8EF4052CC8906D004133EA /* GoogleService-Info.plist */ = {isa = PBXFileReference; lastKnownFileType = text.plist.xml; path = "GoogleService-Info.plist"; sourceTree = "<group>"; };
		0CA752B72C70E8F400DF03F4 /* Preview Assets.xcassets */ = {isa = PBXFileReference; lastKnownFileType = folder.assetcatalog; path = "Preview Assets.xcassets"; sourceTree = "<group>"; };
		0CB9850A2C28C21600920872 /* Login.swift */ = {isa = PBXFileReference; lastKnownFileType = sourcecode.swift; path = Login.swift; sourceTree = "<group>"; };
		0CC7C6942C7627600018C041 /* Admin_SignUp.swift */ = {isa = PBXFileReference; lastKnownFileType = sourcecode.swift; path = Admin_SignUp.swift; sourceTree = "<group>"; };
		7E0FE3C42CF6CAA90088B7FA /* Launch Screen.storyboard */ = {isa = PBXFileReference; lastKnownFileType = file.storyboard; path = "Launch Screen.storyboard"; sourceTree = "<group>"; };
		7E31E3B92E170A6800E1E8A1 /* AddBuses.swift */ = {isa = PBXFileReference; lastKnownFileType = sourcecode.swift; path = AddBuses.swift; sourceTree = "<group>"; };
		7E37DF202CF7DB11001EB870 /* Student.swift */ = {isa = PBXFileReference; lastKnownFileType = sourcecode.swift; path = Student.swift; sourceTree = "<group>"; };
		7E37DF222CF7DD63001EB870 /* Bus.swift */ = {isa = PBXFileReference; lastKnownFileType = sourcecode.swift; path = Bus.swift; sourceTree = "<group>"; };
		7E85D49D2CE1957700341DE7 /* Schools.swift */ = {isa = PBXFileReference; lastKnownFileType = sourcecode.swift; path = Schools.swift; sourceTree = "<group>"; };
		7EABE03A2D68F4B000C00697 /* NewAccount.swift */ = {isa = PBXFileReference; lastKnownFileType = sourcecode.swift; path = NewAccount.swift; sourceTree = "<group>"; };
/* End PBXFileReference section */

/* Begin PBXFrameworksBuildPhase section */
		0C75DAF52C70BE0A005247BC /* Frameworks */ = {
			isa = PBXFrameworksBuildPhase;
			buildActionMask = 2147483647;
			files = (
				0CA752542C70C3D700DF03F4 /* FirebaseAuth in Frameworks */,
			);
			runOnlyForDeploymentPostprocessing = 0;
		};
		0C75DB042C70BE0C005247BC /* Frameworks */ = {
			isa = PBXFrameworksBuildPhase;
			buildActionMask = 2147483647;
			files = (
			);
			runOnlyForDeploymentPostprocessing = 0;
		};
		0C75DB0E2C70BE0C005247BC /* Frameworks */ = {
			isa = PBXFrameworksBuildPhase;
			buildActionMask = 2147483647;
			files = (
			);
			runOnlyForDeploymentPostprocessing = 0;
		};
/* End PBXFrameworksBuildPhase section */

/* Begin PBXGroup section */
		0C5608082C25AA7C00828882 = {
			isa = PBXGroup;
			children = (
				0C5608132C25AA7C00828882 /* Bus Seater  */,
				0C5608242C25AA7E00828882 /* Bus SeaterTests */,
				0C56082E2C25AA7E00828882 /* Bus SeaterUITests */,
				0C5608122C25AA7C00828882 /* Products */,
			);
			sourceTree = "<group>";
		};
		0C5608122C25AA7C00828882 /* Products */ = {
			isa = PBXGroup;
			children = (
				0C75DAF82C70BE0A005247BC /* Bus Seater 1.app */,
				0C75DB072C70BE0C005247BC /* Bus Seater Tests.xctest */,
				0C75DB112C70BE0C005247BC /* Bus Seater UITests.xctest */,
			);
			name = Products;
			sourceTree = "<group>";
		};
		0C5608132C25AA7C00828882 /* Bus Seater  */ = {
			isa = PBXGroup;
			children = (
				0C5608142C25AA7C00828882 /* Bus_SeaterApp.swift */,
				0C5608162C25AA7C00828882 /* ContentView.swift */,
				7E0FE3C42CF6CAA90088B7FA /* Launch Screen.storyboard */,
				0C7B427D2C527B5F000ADE5F /* StudentHomepage.swift */,
				0C5F17042CCB13C500C62695 /* AdminHomepage.swift */,
				0C5F17022CCB134900C62695 /* DriverHomepage.swift */,
				0C5F17062CCB1F5D00C62695 /* LastUserInfo.swift */,
				7E85D49D2CE1957700341DE7 /* Schools.swift */,
				7E37DF202CF7DB11001EB870 /* Student.swift */,
				7E31E3B92E170A6800E1E8A1 /* AddBuses.swift */,
				7E37DF222CF7DD63001EB870 /* Bus.swift */,
				0CC7C6942C7627600018C041 /* Admin_SignUp.swift */,
				7EABE03A2D68F4B000C00697 /* NewAccount.swift */,
				0C7B42752C5273FB000ADE5F /* Student_SignUp.swift */,
				0C7B42772C527417000ADE5F /* Driver_SignUp.swift */,
				0C278BF22C3C90080009B5A4 /* SignUp.swift */,
				0C4B52E62C6842290092B1C8 /* StudentNotifications.swift */,
				0CB9850A2C28C21600920872 /* Login.swift */,
				0C5F17082CCD181F00C62695 /* NotifsPermissions.swift */,
				0C5608182C25AA7E00828882 /* Assets.xcassets */,
				0C8EF4052CC8906D004133EA /* GoogleService-Info.plist */,
				0CA752B82C70E8F400DF03F4 /* Preview Content */,
			);
			path = "Bus Seater ";
			sourceTree = "<group>";
		};
		0C5608242C25AA7E00828882 /* Bus SeaterTests */ = {
			isa = PBXGroup;
			children = (
				0C5608252C25AA7E00828882 /* Bus_SeaterTests.swift */,
			);
			path = "Bus SeaterTests";
			sourceTree = "<group>";
		};
		0C56082E2C25AA7E00828882 /* Bus SeaterUITests */ = {
			isa = PBXGroup;
			children = (
				0C56082F2C25AA7E00828882 /* Bus_SeaterUITests.swift */,
				0C5608312C25AA7E00828882 /* Bus_SeaterUITestsLaunchTests.swift */,
			);
			path = "Bus SeaterUITests";
			sourceTree = "<group>";
		};
		0CA752B82C70E8F400DF03F4 /* Preview Content */ = {
			isa = PBXGroup;
			children = (
				0CA752B72C70E8F400DF03F4 /* Preview Assets.xcassets */,
			);
			path = "Preview Content";
			sourceTree = "<group>";
		};
/* End PBXGroup section */

/* Begin PBXNativeTarget section */
		0C75DAF72C70BE0A005247BC /* Bus Seater 1 */ = {
			isa = PBXNativeTarget;
			buildConfigurationList = 0C75DB1F2C70BE0C005247BC /* Build configuration list for PBXNativeTarget "Bus Seater 1" */;
			buildPhases = (
				0C75DAF42C70BE0A005247BC /* Sources */,
				0C75DAF52C70BE0A005247BC /* Frameworks */,
				0C75DAF62C70BE0A005247BC /* Resources */,
			);
			buildRules = (
			);
			dependencies = (
			);
			name = "Bus Seater 1";
			packageProductDependencies = (
				0CA752532C70C3D700DF03F4 /* FirebaseAuth */,
			);
			productName = "Bus Seater 1";
			productReference = 0C75DAF82C70BE0A005247BC /* Bus Seater 1.app */;
			productType = "com.apple.product-type.application";
		};
		0C75DB062C70BE0C005247BC /* Bus Seater Tests */ = {
			isa = PBXNativeTarget;
			buildConfigurationList = 0C75DB202C70BE0C005247BC /* Build configuration list for PBXNativeTarget "Bus Seater Tests" */;
			buildPhases = (
				0C75DB032C70BE0C005247BC /* Sources */,
				0C75DB042C70BE0C005247BC /* Frameworks */,
				0C75DB052C70BE0C005247BC /* Resources */,
			);
			buildRules = (
			);
			dependencies = (
				0C75DB092C70BE0C005247BC /* PBXTargetDependency */,
			);
			name = "Bus Seater Tests";
			productName = "Bus Seater 1Tests";
			productReference = 0C75DB072C70BE0C005247BC /* Bus Seater Tests.xctest */;
			productType = "com.apple.product-type.bundle.unit-test";
		};
		0C75DB102C70BE0C005247BC /* Bus Seater UITests */ = {
			isa = PBXNativeTarget;
			buildConfigurationList = 0C75DB212C70BE0C005247BC /* Build configuration list for PBXNativeTarget "Bus Seater UITests" */;
			buildPhases = (
				0C75DB0D2C70BE0C005247BC /* Sources */,
				0C75DB0E2C70BE0C005247BC /* Frameworks */,
				0C75DB0F2C70BE0C005247BC /* Resources */,
			);
			buildRules = (
			);
			dependencies = (
				0C75DB132C70BE0C005247BC /* PBXTargetDependency */,
			);
			name = "Bus Seater UITests";
			productName = "Bus Seater 1UITests";
			productReference = 0C75DB112C70BE0C005247BC /* Bus Seater UITests.xctest */;
			productType = "com.apple.product-type.bundle.ui-testing";
		};
/* End PBXNativeTarget section */

/* Begin PBXProject section */
		0C5608092C25AA7C00828882 /* Project object */ = {
			isa = PBXProject;
			attributes = {
				BuildIndependentTargetsInParallel = 1;
				LastSwiftUpdateCheck = 1540;
				LastUpgradeCheck = 1630;
				TargetAttributes = {
					0C75DAF72C70BE0A005247BC = {
						CreatedOnToolsVersion = 15.4;
					};
					0C75DB062C70BE0C005247BC = {
						CreatedOnToolsVersion = 15.4;
						TestTargetID = 0C75DAF72C70BE0A005247BC;
					};
					0C75DB102C70BE0C005247BC = {
						CreatedOnToolsVersion = 15.4;
						TestTargetID = 0C75DAF72C70BE0A005247BC;
					};
				};
			};
			buildConfigurationList = 0C56080C2C25AA7C00828882 /* Build configuration list for PBXProject "Bus Seater" */;
			compatibilityVersion = "Xcode 14.0";
			developmentRegion = en;
			hasScannedForEncodings = 0;
			knownRegions = (
				en,
				Base,
			);
			mainGroup = 0C5608082C25AA7C00828882;
			packageReferences = (
				0CA752522C70C3D700DF03F4 /* XCRemoteSwiftPackageReference "firebase-ios-sdk" */,
			);
			productRefGroup = 0C5608122C25AA7C00828882 /* Products */;
			projectDirPath = "";
			projectRoot = "";
			targets = (
				0C75DAF72C70BE0A005247BC /* Bus Seater 1 */,
				0C75DB062C70BE0C005247BC /* Bus Seater Tests */,
				0C75DB102C70BE0C005247BC /* Bus Seater UITests */,
			);
		};
/* End PBXProject section */

/* Begin PBXResourcesBuildPhase section */
		0C75DAF62C70BE0A005247BC /* Resources */ = {
			isa = PBXResourcesBuildPhase;
			buildActionMask = 2147483647;
			files = (
				0CA752B92C70E8F400DF03F4 /* Preview Assets.xcassets in Resources */,
				0C8EF4062CC8906D004133EA /* GoogleService-Info.plist in Resources */,
				7E0FE3C52CF6CAA90088B7FA /* Launch Screen.storyboard in Resources */,
				0C75DB2D2C70BE91005247BC /* Assets.xcassets in Resources */,
			);
			runOnlyForDeploymentPostprocessing = 0;
		};
		0C75DB052C70BE0C005247BC /* Resources */ = {
			isa = PBXResourcesBuildPhase;
			buildActionMask = 2147483647;
			files = (
			);
			runOnlyForDeploymentPostprocessing = 0;
		};
		0C75DB0F2C70BE0C005247BC /* Resources */ = {
			isa = PBXResourcesBuildPhase;
			buildActionMask = 2147483647;
			files = (
			);
			runOnlyForDeploymentPostprocessing = 0;
		};
/* End PBXResourcesBuildPhase section */

/* Begin PBXSourcesBuildPhase section */
		0C75DAF42C70BE0A005247BC /* Sources */ = {
			isa = PBXSourcesBuildPhase;
			buildActionMask = 2147483647;
			files = (
				0C75DB2A2C70BE79005247BC /* StudentNotifications.swift in Sources */,
				7E37DF212CF7DB11001EB870 /* Student.swift in Sources */,
				0C5F17092CCD181F00C62695 /* NotifsPermissions.swift in Sources */,
				0C75DB2B2C70BE7D005247BC /* Login.swift in Sources */,
				0C5F17032CCB134900C62695 /* DriverHomepage.swift in Sources */,
				0C75DB272C70BE70005247BC /* Driver_SignUp.swift in Sources */,
				0C5F17072CCB1F5D00C62695 /* LastUserInfo.swift in Sources */,
				0C5F17052CCB13C500C62695 /* AdminHomepage.swift in Sources */,
				0C75DB242C70BE67005247BC /* StudentHomepage.swift in Sources */,
				7E85D49E2CE1957700341DE7 /* Schools.swift in Sources */,
				7E31E3BA2E170A6900E1E8A1 /* AddBuses.swift in Sources */,
				0CC7C6952C7627600018C041 /* Admin_SignUp.swift in Sources */,
				7EABE03B2D68F4B000C00697 /* NewAccount.swift in Sources */,
				0C75DB232C70BE64005247BC /* ContentView.swift in Sources */,
				0C75DB262C70BE6D005247BC /* Student_SignUp.swift in Sources */,
				0C75DB292C70BE77005247BC /* SignUp.swift in Sources */,
				7E37DF232CF7DD63001EB870 /* Bus.swift in Sources */,
				0C75DB222C70BE5F005247BC /* Bus_SeaterApp.swift in Sources */,
			);
			runOnlyForDeploymentPostprocessing = 0;
		};
		0C75DB032C70BE0C005247BC /* Sources */ = {
			isa = PBXSourcesBuildPhase;
			buildActionMask = 2147483647;
			files = (
				0C75DB2C2C70BE8A005247BC /* Bus_SeaterTests.swift in Sources */,
			);
			runOnlyForDeploymentPostprocessing = 0;
		};
		0C75DB0D2C70BE0C005247BC /* Sources */ = {
			isa = PBXSourcesBuildPhase;
			buildActionMask = 2147483647;
			files = (
				0C75DB2E2C70BEA8005247BC /* Bus_SeaterUITests.swift in Sources */,
				0C75DB2F2C70BEAD005247BC /* Bus_SeaterUITestsLaunchTests.swift in Sources */,
			);
			runOnlyForDeploymentPostprocessing = 0;
		};
/* End PBXSourcesBuildPhase section */

/* Begin PBXTargetDependency section */
		0C75DB092C70BE0C005247BC /* PBXTargetDependency */ = {
			isa = PBXTargetDependency;
			target = 0C75DAF72C70BE0A005247BC /* Bus Seater 1 */;
			targetProxy = 0C75DB082C70BE0C005247BC /* PBXContainerItemProxy */;
		};
		0C75DB132C70BE0C005247BC /* PBXTargetDependency */ = {
			isa = PBXTargetDependency;
			target = 0C75DAF72C70BE0A005247BC /* Bus Seater 1 */;
			targetProxy = 0C75DB122C70BE0C005247BC /* PBXContainerItemProxy */;
		};
/* End PBXTargetDependency section */

/* Begin XCBuildConfiguration section */
		0C5608332C25AA7E00828882 /* Debug */ = {
			isa = XCBuildConfiguration;
			buildSettings = {
				ALWAYS_SEARCH_USER_PATHS = NO;
				ASSETCATALOG_COMPILER_GENERATE_SWIFT_ASSET_SYMBOL_EXTENSIONS = YES;
				CLANG_ANALYZER_NONNULL = YES;
				CLANG_ANALYZER_NUMBER_OBJECT_CONVERSION = YES_AGGRESSIVE;
				CLANG_CXX_LANGUAGE_STANDARD = "gnu++20";
				CLANG_ENABLE_MODULES = YES;
				CLANG_ENABLE_OBJC_ARC = YES;
				CLANG_ENABLE_OBJC_WEAK = YES;
				CLANG_WARN_BLOCK_CAPTURE_AUTORELEASING = YES;
				CLANG_WARN_BOOL_CONVERSION = YES;
				CLANG_WARN_COMMA = YES;
				CLANG_WARN_CONSTANT_CONVERSION = YES;
				CLANG_WARN_DEPRECATED_OBJC_IMPLEMENTATIONS = YES;
				CLANG_WARN_DIRECT_OBJC_ISA_USAGE = YES_ERROR;
				CLANG_WARN_DOCUMENTATION_COMMENTS = YES;
				CLANG_WARN_EMPTY_BODY = YES;
				CLANG_WARN_ENUM_CONVERSION = YES;
				CLANG_WARN_INFINITE_RECURSION = YES;
				CLANG_WARN_INT_CONVERSION = YES;
				CLANG_WARN_NON_LITERAL_NULL_CONVERSION = YES;
				CLANG_WARN_OBJC_IMPLICIT_RETAIN_SELF = YES;
				CLANG_WARN_OBJC_LITERAL_CONVERSION = YES;
				CLANG_WARN_OBJC_ROOT_CLASS = YES_ERROR;
				CLANG_WARN_QUOTED_INCLUDE_IN_FRAMEWORK_HEADER = YES;
				CLANG_WARN_RANGE_LOOP_ANALYSIS = YES;
				CLANG_WARN_STRICT_PROTOTYPES = YES;
				CLANG_WARN_SUSPICIOUS_MOVE = YES;
				CLANG_WARN_UNGUARDED_AVAILABILITY = YES_AGGRESSIVE;
				CLANG_WARN_UNREACHABLE_CODE = YES;
				CLANG_WARN__DUPLICATE_METHOD_MATCH = YES;
				COPY_PHASE_STRIP = NO;
				DEBUG_INFORMATION_FORMAT = dwarf;
				DEVELOPMENT_TEAM = A4ND28TX3A;
				ENABLE_STRICT_OBJC_MSGSEND = YES;
				ENABLE_TESTABILITY = YES;
				ENABLE_USER_SCRIPT_SANDBOXING = YES;
				GCC_C_LANGUAGE_STANDARD = gnu17;
				GCC_DYNAMIC_NO_PIC = NO;
				GCC_NO_COMMON_BLOCKS = YES;
				GCC_OPTIMIZATION_LEVEL = 0;
				GCC_PREPROCESSOR_DEFINITIONS = (
					"DEBUG=1",
					"$(inherited)",
				);
				GCC_WARN_64_TO_32_BIT_CONVERSION = YES;
				GCC_WARN_ABOUT_RETURN_TYPE = YES_ERROR;
				GCC_WARN_UNDECLARED_SELECTOR = YES;
				GCC_WARN_UNINITIALIZED_AUTOS = YES_AGGRESSIVE;
				GCC_WARN_UNUSED_FUNCTION = YES;
				GCC_WARN_UNUSED_VARIABLE = YES;
				IPHONEOS_DEPLOYMENT_TARGET = 17.5;
				LOCALIZATION_PREFERS_STRING_CATALOGS = YES;
				MTL_ENABLE_DEBUG_INFO = INCLUDE_SOURCE;
				MTL_FAST_MATH = YES;
				ONLY_ACTIVE_ARCH = YES;
				SDKROOT = iphoneos;
				SWIFT_ACTIVE_COMPILATION_CONDITIONS = "DEBUG $(inherited)";
				SWIFT_OPTIMIZATION_LEVEL = "-Onone";
			};
			name = Debug;
		};
		0C5608342C25AA7E00828882 /* Release */ = {
			isa = XCBuildConfiguration;
			buildSettings = {
				ALWAYS_SEARCH_USER_PATHS = NO;
				ASSETCATALOG_COMPILER_GENERATE_SWIFT_ASSET_SYMBOL_EXTENSIONS = YES;
				CLANG_ANALYZER_NONNULL = YES;
				CLANG_ANALYZER_NUMBER_OBJECT_CONVERSION = YES_AGGRESSIVE;
				CLANG_CXX_LANGUAGE_STANDARD = "gnu++20";
				CLANG_ENABLE_MODULES = YES;
				CLANG_ENABLE_OBJC_ARC = YES;
				CLANG_ENABLE_OBJC_WEAK = YES;
				CLANG_WARN_BLOCK_CAPTURE_AUTORELEASING = YES;
				CLANG_WARN_BOOL_CONVERSION = YES;
				CLANG_WARN_COMMA = YES;
				CLANG_WARN_CONSTANT_CONVERSION = YES;
				CLANG_WARN_DEPRECATED_OBJC_IMPLEMENTATIONS = YES;
				CLANG_WARN_DIRECT_OBJC_ISA_USAGE = YES_ERROR;
				CLANG_WARN_DOCUMENTATION_COMMENTS = YES;
				CLANG_WARN_EMPTY_BODY = YES;
				CLANG_WARN_ENUM_CONVERSION = YES;
				CLANG_WARN_INFINITE_RECURSION = YES;
				CLANG_WARN_INT_CONVERSION = YES;
				CLANG_WARN_NON_LITERAL_NULL_CONVERSION = YES;
				CLANG_WARN_OBJC_IMPLICIT_RETAIN_SELF = YES;
				CLANG_WARN_OBJC_LITERAL_CONVERSION = YES;
				CLANG_WARN_OBJC_ROOT_CLASS = YES_ERROR;
				CLANG_WARN_QUOTED_INCLUDE_IN_FRAMEWORK_HEADER = YES;
				CLANG_WARN_RANGE_LOOP_ANALYSIS = YES;
				CLANG_WARN_STRICT_PROTOTYPES = YES;
				CLANG_WARN_SUSPICIOUS_MOVE = YES;
				CLANG_WARN_UNGUARDED_AVAILABILITY = YES_AGGRESSIVE;
				CLANG_WARN_UNREACHABLE_CODE = YES;
				CLANG_WARN__DUPLICATE_METHOD_MATCH = YES;
				COPY_PHASE_STRIP = NO;
				DEBUG_INFORMATION_FORMAT = "dwarf-with-dsym";
				DEVELOPMENT_TEAM = A4ND28TX3A;
				ENABLE_NS_ASSERTIONS = NO;
				ENABLE_STRICT_OBJC_MSGSEND = YES;
				ENABLE_USER_SCRIPT_SANDBOXING = YES;
				GCC_C_LANGUAGE_STANDARD = gnu17;
				GCC_NO_COMMON_BLOCKS = YES;
				GCC_WARN_64_TO_32_BIT_CONVERSION = YES;
				GCC_WARN_ABOUT_RETURN_TYPE = YES_ERROR;
				GCC_WARN_UNDECLARED_SELECTOR = YES;
				GCC_WARN_UNINITIALIZED_AUTOS = YES_AGGRESSIVE;
				GCC_WARN_UNUSED_FUNCTION = YES;
				GCC_WARN_UNUSED_VARIABLE = YES;
				IPHONEOS_DEPLOYMENT_TARGET = 17.5;
				LOCALIZATION_PREFERS_STRING_CATALOGS = YES;
				MTL_ENABLE_DEBUG_INFO = NO;
				MTL_FAST_MATH = YES;
				SDKROOT = iphoneos;
				SWIFT_COMPILATION_MODE = wholemodule;
				VALIDATE_PRODUCT = YES;
			};
			name = Release;
		};
		0C75DB192C70BE0C005247BC /* Debug */ = {
			isa = XCBuildConfiguration;
			buildSettings = {
				ASSETCATALOG_COMPILER_APPICON_NAME = AppIcon;
				ASSETCATALOG_COMPILER_GLOBAL_ACCENT_COLOR_NAME = AccentColor;
				CODE_SIGN_STYLE = Automatic;
				CURRENT_PROJECT_VERSION = 1;
				DEVELOPMENT_ASSET_PATHS = "Bus\\ Seater\\ /Preview\\ Content";
				ENABLE_PREVIEWS = YES;
				GENERATE_INFOPLIST_FILE = YES;
				INFOPLIST_FILE = "Bus-Seater-1-Info.plist";
				INFOPLIST_KEY_CFBundleDisplayName = "Bus Seater";
				INFOPLIST_KEY_LSApplicationCategoryType = "public.app-category.utilities";
				INFOPLIST_KEY_UIApplicationSceneManifest_Generation = YES;
				INFOPLIST_KEY_UIApplicationSupportsIndirectInputEvents = YES;
				INFOPLIST_KEY_UILaunchScreen_Generation = YES;
				INFOPLIST_KEY_UILaunchStoryboardName = "Launch Screen.storyboard";
				INFOPLIST_KEY_UIStatusBarStyle = "";
				INFOPLIST_KEY_UISupportedInterfaceOrientations = UIInterfaceOrientationPortrait;
				INFOPLIST_KEY_UISupportedInterfaceOrientations_iPad = "UIInterfaceOrientationLandscapeLeft UIInterfaceOrientationLandscapeRight UIInterfaceOrientationPortrait UIInterfaceOrientationPortraitUpsideDown";
				IPHONEOS_DEPLOYMENT_TARGET = 17.5;
				LD_RUNPATH_SEARCH_PATHS = (
					"$(inherited)",
					"@executable_path/Frameworks",
				);
				MARKETING_VERSION = 1.0;
				PRODUCT_BUNDLE_IDENTIFIER = "marvtheodo08.Bus-Seater-1";
				PRODUCT_NAME = "$(TARGET_NAME)";
				SUPPORTED_PLATFORMS = "iphoneos iphonesimulator";
				SUPPORTS_MACCATALYST = NO;
				SUPPORTS_MAC_DESIGNED_FOR_IPHONE_IPAD = NO;
				SUPPORTS_XR_DESIGNED_FOR_IPHONE_IPAD = NO;
				SWIFT_EMIT_LOC_STRINGS = YES;
				SWIFT_VERSION = 5.0;
				TARGETED_DEVICE_FAMILY = 1;
			};
			name = Debug;
		};
		0C75DB1A2C70BE0C005247BC /* Release */ = {
			isa = XCBuildConfiguration;
			buildSettings = {
				ASSETCATALOG_COMPILER_APPICON_NAME = AppIcon;
				ASSETCATALOG_COMPILER_GLOBAL_ACCENT_COLOR_NAME = AccentColor;
				CODE_SIGN_STYLE = Automatic;
				CURRENT_PROJECT_VERSION = 1;
				DEVELOPMENT_ASSET_PATHS = "Bus\\ Seater\\ /Preview\\ Content";
				ENABLE_PREVIEWS = YES;
				GENERATE_INFOPLIST_FILE = YES;
				INFOPLIST_FILE = "Bus-Seater-1-Info.plist";
				INFOPLIST_KEY_CFBundleDisplayName = "Bus Seater";
				INFOPLIST_KEY_LSApplicationCategoryType = "public.app-category.utilities";
				INFOPLIST_KEY_UIApplicationSceneManifest_Generation = YES;
				INFOPLIST_KEY_UIApplicationSupportsIndirectInputEvents = YES;
				INFOPLIST_KEY_UILaunchScreen_Generation = YES;
				INFOPLIST_KEY_UILaunchStoryboardName = "Launch Screen.storyboard";
				INFOPLIST_KEY_UIStatusBarStyle = "";
				INFOPLIST_KEY_UISupportedInterfaceOrientations = UIInterfaceOrientationPortrait;
				INFOPLIST_KEY_UISupportedInterfaceOrientations_iPad = "UIInterfaceOrientationLandscapeLeft UIInterfaceOrientationLandscapeRight UIInterfaceOrientationPortrait UIInterfaceOrientationPortraitUpsideDown";
				IPHONEOS_DEPLOYMENT_TARGET = 17.5;
				LD_RUNPATH_SEARCH_PATHS = (
					"$(inherited)",
					"@executable_path/Frameworks",
				);
				MARKETING_VERSION = 1.0;
				PRODUCT_BUNDLE_IDENTIFIER = "marvtheodo08.Bus-Seater-1";
				PRODUCT_NAME = "$(TARGET_NAME)";
				SUPPORTED_PLATFORMS = "iphoneos iphonesimulator";
				SUPPORTS_MACCATALYST = NO;
				SUPPORTS_MAC_DESIGNED_FOR_IPHONE_IPAD = NO;
				SUPPORTS_XR_DESIGNED_FOR_IPHONE_IPAD = NO;
				SWIFT_EMIT_LOC_STRINGS = YES;
				SWIFT_VERSION = 5.0;
				TARGETED_DEVICE_FAMILY = 1;
			};
			name = Release;
		};
		0C75DB1B2C70BE0C005247BC /* Debug */ = {
			isa = XCBuildConfiguration;
			buildSettings = {
				BUNDLE_LOADER = "$(TEST_HOST)";
				CODE_SIGN_STYLE = Automatic;
				CURRENT_PROJECT_VERSION = 1;
				GENERATE_INFOPLIST_FILE = YES;
				IPHONEOS_DEPLOYMENT_TARGET = 17.5;
				MARKETING_VERSION = 1.0;
				PRODUCT_BUNDLE_IDENTIFIER = "marvtheodo08.Bus-Seater-1Tests";
				PRODUCT_NAME = "$(TARGET_NAME)";
				SWIFT_EMIT_LOC_STRINGS = NO;
				SWIFT_VERSION = 5.0;
				TARGETED_DEVICE_FAMILY = "1,2";
				TEST_HOST = "$(BUILT_PRODUCTS_DIR)/Bus Seater 1.app/$(BUNDLE_EXECUTABLE_FOLDER_PATH)/Bus Seater 1";
			};
			name = Debug;
		};
		0C75DB1C2C70BE0C005247BC /* Release */ = {
			isa = XCBuildConfiguration;
			buildSettings = {
				BUNDLE_LOADER = "$(TEST_HOST)";
				CODE_SIGN_STYLE = Automatic;
				CURRENT_PROJECT_VERSION = 1;
				GENERATE_INFOPLIST_FILE = YES;
				IPHONEOS_DEPLOYMENT_TARGET = 17.5;
				MARKETING_VERSION = 1.0;
				PRODUCT_BUNDLE_IDENTIFIER = "marvtheodo08.Bus-Seater-1Tests";
				PRODUCT_NAME = "$(TARGET_NAME)";
				SWIFT_EMIT_LOC_STRINGS = NO;
				SWIFT_VERSION = 5.0;
				TARGETED_DEVICE_FAMILY = "1,2";
				TEST_HOST = "$(BUILT_PRODUCTS_DIR)/Bus Seater 1.app/$(BUNDLE_EXECUTABLE_FOLDER_PATH)/Bus Seater 1";
			};
			name = Release;
		};
		0C75DB1D2C70BE0C005247BC /* Debug */ = {
			isa = XCBuildConfiguration;
			buildSettings = {
				CODE_SIGN_STYLE = Automatic;
				CURRENT_PROJECT_VERSION = 1;
				GENERATE_INFOPLIST_FILE = YES;
				MARKETING_VERSION = 1.0;
				PRODUCT_BUNDLE_IDENTIFIER = "marvtheodo08.Bus-Seater-1UITests";
				PRODUCT_NAME = "$(TARGET_NAME)";
				SWIFT_EMIT_LOC_STRINGS = NO;
				SWIFT_VERSION = 5.0;
				TARGETED_DEVICE_FAMILY = "1,2";
				TEST_TARGET_NAME = "Bus Seater 1";
			};
			name = Debug;
		};
		0C75DB1E2C70BE0C005247BC /* Release */ = {
			isa = XCBuildConfiguration;
			buildSettings = {
				CODE_SIGN_STYLE = Automatic;
				CURRENT_PROJECT_VERSION = 1;
				GENERATE_INFOPLIST_FILE = YES;
				MARKETING_VERSION = 1.0;
				PRODUCT_BUNDLE_IDENTIFIER = "marvtheodo08.Bus-Seater-1UITests";
				PRODUCT_NAME = "$(TARGET_NAME)";
				SWIFT_EMIT_LOC_STRINGS = NO;
				SWIFT_VERSION = 5.0;
				TARGETED_DEVICE_FAMILY = "1,2";
				TEST_TARGET_NAME = "Bus Seater 1";
			};
			name = Release;
		};
/* End XCBuildConfiguration section */

/* Begin XCConfigurationList section */
		0C56080C2C25AA7C00828882 /* Build configuration list for PBXProject "Bus Seater" */ = {
			isa = XCConfigurationList;
			buildConfigurations = (
				0C5608332C25AA7E00828882 /* Debug */,
				0C5608342C25AA7E00828882 /* Release */,
			);
			defaultConfigurationIsVisible = 0;
			defaultConfigurationName = Release;
		};
		0C75DB1F2C70BE0C005247BC /* Build configuration list for PBXNativeTarget "Bus Seater 1" */ = {
			isa = XCConfigurationList;
			buildConfigurations = (
				0C75DB192C70BE0C005247BC /* Debug */,
				0C75DB1A2C70BE0C005247BC /* Release */,
			);
			defaultConfigurationIsVisible = 0;
			defaultConfigurationName = Release;
		};
		0C75DB202C70BE0C005247BC /* Build configuration list for PBXNativeTarget "Bus Seater Tests" */ = {
			isa = XCConfigurationList;
			buildConfigurations = (
				0C75DB1B2C70BE0C005247BC /* Debug */,
				0C75DB1C2C70BE0C005247BC /* Release */,
			);
			defaultConfigurationIsVisible = 0;
			defaultConfigurationName = Release;
		};
		0C75DB212C70BE0C005247BC /* Build configuration list for PBXNativeTarget "Bus Seater UITests" */ = {
			isa = XCConfigurationList;
			buildConfigurations = (
				0C75DB1D2C70BE0C005247BC /* Debug */,
				0C75DB1E2C70BE0C005247BC /* Release */,
			);
			defaultConfigurationIsVisible = 0;
			defaultConfigurationName = Release;
		};
/* End XCConfigurationList section */

/* Begin XCRemoteSwiftPackageReference section */
		0CA752522C70C3D700DF03F4 /* XCRemoteSwiftPackageReference "firebase-ios-sdk" */ = {
			isa = XCRemoteSwiftPackageReference;
			repositoryURL = "https://github.com/firebase/firebase-ios-sdk";
			requirement = {
				kind = upToNextMajorVersion;
				minimumVersion = 11.0.0;
			};
		};
/* End XCRemoteSwiftPackageReference section */

/* Begin XCSwiftPackageProductDependency section */
		0CA752532C70C3D700DF03F4 /* FirebaseAuth */ = {
			isa = XCSwiftPackageProductDependency;
			package = 0CA752522C70C3D700DF03F4 /* XCRemoteSwiftPackageReference "firebase-ios-sdk" */;
			productName = FirebaseAuth;
		};
/* End XCSwiftPackageProductDependency section */
	};
	rootObject = 0C5608092C25AA7C00828882 /* Project object */;
}
